
Microsoft Visual Studio Solution File, Format Version 12.00
# Visual Studio Version 16
VisualStudioVersion = 16.0.30413.136
MinimumVisualStudioVersion = 10.0.40219.1
Project("{9A19103F-16F7-4668-BE54-9A1E7A4F7556}") = "Domain", "Domain\Domain.csproj", "{1CACFAF5-C04F-4E2B-9138-65A5A2925AA3}"
EndProject
Project("{9A19103F-16F7-4668-BE54-9A1E7A4F7556}") = "Persistence", "Persistence\Persistence.csproj", "{2C0E56A9-B2CA-4B16-9554-F09DEC95A514}"
EndProject
Project("{9A19103F-16F7-4668-BE54-9A1E7A4F7556}") = "API", "API\API.csproj", "{661FCD7D-4B63-478B-A537-754F2F6612A0}"
EndProject
Project("{2150E333-8FDC-42A3-9474-1A3956D46DE8}") = "Solution Items", "Solution Items", "{CECEF947-0003-4A72-A548-77F724E78419}"
	ProjectSection(SolutionItems) = preProject
		.gitignore = .gitignore
	EndProjectSection
EndProject
Project("{FAE04EC0-301F-11D3-BF4B-00C04F79EFBC}") = "Application", "Application\Application.csproj", "{655201B7-D6AB-4CDD-A41F-BDB2CBBE6473}"
EndProject
Global
	GlobalSection(SolutionConfigurationPlatforms) = preSolution
		Debug|Any CPU = Debug|Any CPU
		Release|Any CPU = Release|Any CPU
	EndGlobalSection
	GlobalSection(ProjectConfigurationPlatforms) = postSolution
		{1CACFAF5-C04F-4E2B-9138-65A5A2925AA3}.Debug|Any CPU.ActiveCfg = Debug|Any CPU
		{1CACFAF5-C04F-4E2B-9138-65A5A2925AA3}.Debug|Any CPU.Build.0 = Debug|Any CPU
		{1CACFAF5-C04F-4E2B-9138-65A5A2925AA3}.Release|Any CPU.ActiveCfg = Release|Any CPU
		{1CACFAF5-C04F-4E2B-9138-65A5A2925AA3}.Release|Any CPU.Build.0 = Release|Any CPU
		{2C0E56A9-B2CA-4B16-9554-F09DEC95A514}.Debug|Any CPU.ActiveCfg = Debug|Any CPU
		{2C0E56A9-B2CA-4B16-9554-F09DEC95A514}.Debug|Any CPU.Build.0 = Debug|Any CPU
		{2C0E56A9-B2CA-4B16-9554-F09DEC95A514}.Release|Any CPU.ActiveCfg = Release|Any CPU
		{2C0E56A9-B2CA-4B16-9554-F09DEC95A514}.Release|Any CPU.Build.0 = Release|Any CPU
		{661FCD7D-4B63-478B-A537-754F2F6612A0}.Debug|Any CPU.ActiveCfg = Debug|Any CPU
		{661FCD7D-4B63-478B-A537-754F2F6612A0}.Debug|Any CPU.Build.0 = Debug|Any CPU
		{661FCD7D-4B63-478B-A537-754F2F6612A0}.Release|Any CPU.ActiveCfg = Release|Any CPU
		{661FCD7D-4B63-478B-A537-754F2F6612A0}.Release|Any CPU.Build.0 = Release|Any CPU
		{655201B7-D6AB-4CDD-A41F-BDB2CBBE6473}.Debug|Any CPU.ActiveCfg = Debug|Any CPU
		{655201B7-D6AB-4CDD-A41F-BDB2CBBE6473}.Debug|Any CPU.Build.0 = Debug|Any CPU
		{655201B7-D6AB-4CDD-A41F-BDB2CBBE6473}.Release|Any CPU.ActiveCfg = Release|Any CPU
		{655201B7-D6AB-4CDD-A41F-BDB2CBBE6473}.Release|Any CPU.Build.0 = Release|Any CPU
	EndGlobalSection
	GlobalSection(SolutionProperties) = preSolution
		HideSolutionNode = FALSE
	EndGlobalSection
	GlobalSection(ExtensibilityGlobals) = postSolution
		SolutionGuid = {8166F786-C6C8-42D2-BAD1-1189B51AC4DB}
	EndGlobalSection
EndGlobal
